
Microsoft Visual Studio Solution File, Format Version 12.00
# Visual Studio Version 17
VisualStudioVersion = 17.10.35122.118
MinimumVisualStudioVersion = 10.0.40219.1
Project("{FAE04EC0-301F-11D3-BF4B-00C04F79EFBC}") = "ForumAPI", "ForumAPI\ForumAPI.csproj", "{D49F2606-B7B0-4FD9-938D-CFB5D278D0FF}"
EndProject
Project("{FAE04EC0-301F-11D3-BF4B-00C04F79EFBC}") = "Forum.Domain", "Forum.Domain\Forum.Domain.csproj", "{F6DB165C-27FB-47FC-AAFF-1AD5E75060EB}"
EndProject
Project("{FAE04EC0-301F-11D3-BF4B-00C04F79EFBC}") = "ForumBL.Core", "ForumBL.Core\ForumBL.Core.csproj", "{0842EDFB-07E6-4F4A-BF70-219D40CE52EB}"
EndProject
Project("{FAE04EC0-301F-11D3-BF4B-00C04F79EFBC}") = "Forum.Data", "Forum.Data\Forum.Data.csproj", "{56E241A4-80BC-4AE2-9A2C-24170BC69E2A}"
EndProject
Project("{FAE04EC0-301F-11D3-BF4B-00C04F79EFBC}") = "Forum.Infrastructure", "Forum.Infrastructure\Forum.Infrastructure.csproj", "{6FCF7501-8809-4295-9DBC-AF5E96E4AA19}"
EndProject
Project("{FAE04EC0-301F-11D3-BF4B-00C04F79EFBC}") = "ForumBL.Core.Tests", "ForumBL.Core.Tests\ForumBL.Core.Tests.csproj", "{B6613DD4-3208-41C0-9F72-F59FC31F3A39}"
EndProject
Project("{FAE04EC0-301F-11D3-BF4B-00C04F79EFBC}") = "Forum.SignalRTester", "Forum.SignalRTester\Forum.SignalRTester.csproj", "{C575A327-234F-4BC6-A391-2211AFD8E6E3}"
EndProject
Global
	GlobalSection(SolutionConfigurationPlatforms) = preSolution
		Debug|Any CPU = Debug|Any CPU
		Debug|x64 = Debug|x64
		Debug|x86 = Debug|x86
		Release|Any CPU = Release|Any CPU
		Release|x64 = Release|x64
		Release|x86 = Release|x86
	EndGlobalSection
	GlobalSection(ProjectConfigurationPlatforms) = postSolution
		{D49F2606-B7B0-4FD9-938D-CFB5D278D0FF}.Debug|Any CPU.ActiveCfg = Debug|Any CPU
		{D49F2606-B7B0-4FD9-938D-CFB5D278D0FF}.Debug|Any CPU.Build.0 = Debug|Any CPU
		{D49F2606-B7B0-4FD9-938D-CFB5D278D0FF}.Debug|x64.ActiveCfg = Debug|Any CPU
		{D49F2606-B7B0-4FD9-938D-CFB5D278D0FF}.Debug|x64.Build.0 = Debug|Any CPU
		{D49F2606-B7B0-4FD9-938D-CFB5D278D0FF}.Debug|x86.ActiveCfg = Debug|Any CPU
		{D49F2606-B7B0-4FD9-938D-CFB5D278D0FF}.Debug|x86.Build.0 = Debug|Any CPU
		{D49F2606-B7B0-4FD9-938D-CFB5D278D0FF}.Release|Any CPU.ActiveCfg = Release|Any CPU
		{D49F2606-B7B0-4FD9-938D-CFB5D278D0FF}.Release|Any CPU.Build.0 = Release|Any CPU
		{D49F2606-B7B0-4FD9-938D-CFB5D278D0FF}.Release|x64.ActiveCfg = Release|Any CPU
		{D49F2606-B7B0-4FD9-938D-CFB5D278D0FF}.Release|x64.Build.0 = Release|Any CPU
		{D49F2606-B7B0-4FD9-938D-CFB5D278D0FF}.Release|x86.ActiveCfg = Release|Any CPU
		{D49F2606-B7B0-4FD9-938D-CFB5D278D0FF}.Release|x86.Build.0 = Release|Any CPU
		{F6DB165C-27FB-47FC-AAFF-1AD5E75060EB}.Debug|Any CPU.ActiveCfg = Debug|Any CPU
		{F6DB165C-27FB-47FC-AAFF-1AD5E75060EB}.Debug|Any CPU.Build.0 = Debug|Any CPU
		{F6DB165C-27FB-47FC-AAFF-1AD5E75060EB}.Debug|x64.ActiveCfg = Debug|Any CPU
		{F6DB165C-27FB-47FC-AAFF-1AD5E75060EB}.Debug|x64.Build.0 = Debug|Any CPU
		{F6DB165C-27FB-47FC-AAFF-1AD5E75060EB}.Debug|x86.ActiveCfg = Debug|Any CPU
		{F6DB165C-27FB-47FC-AAFF-1AD5E75060EB}.Debug|x86.Build.0 = Debug|Any CPU
		{F6DB165C-27FB-47FC-AAFF-1AD5E75060EB}.Release|Any CPU.ActiveCfg = Release|Any CPU
		{F6DB165C-27FB-47FC-AAFF-1AD5E75060EB}.Release|Any CPU.Build.0 = Release|Any CPU
		{F6DB165C-27FB-47FC-AAFF-1AD5E75060EB}.Release|x64.ActiveCfg = Release|Any CPU
		{F6DB165C-27FB-47FC-AAFF-1AD5E75060EB}.Release|x64.Build.0 = Release|Any CPU
		{F6DB165C-27FB-47FC-AAFF-1AD5E75060EB}.Release|x86.ActiveCfg = Release|Any CPU
		{F6DB165C-27FB-47FC-AAFF-1AD5E75060EB}.Release|x86.Build.0 = Release|Any CPU
		{0842EDFB-07E6-4F4A-BF70-219D40CE52EB}.Debug|Any CPU.ActiveCfg = Debug|Any CPU
		{0842EDFB-07E6-4F4A-BF70-219D40CE52EB}.Debug|Any CPU.Build.0 = Debug|Any CPU
		{0842EDFB-07E6-4F4A-BF70-219D40CE52EB}.Debug|x64.ActiveCfg = Debug|Any CPU
		{0842EDFB-07E6-4F4A-BF70-219D40CE52EB}.Debug|x64.Build.0 = Debug|Any CPU
		{0842EDFB-07E6-4F4A-BF70-219D40CE52EB}.Debug|x86.ActiveCfg = Debug|Any CPU
		{0842EDFB-07E6-4F4A-BF70-219D40CE52EB}.Debug|x86.Build.0 = Debug|Any CPU
		{0842EDFB-07E6-4F4A-BF70-219D40CE52EB}.Release|Any CPU.ActiveCfg = Release|Any CPU
		{0842EDFB-07E6-4F4A-BF70-219D40CE52EB}.Release|Any CPU.Build.0 = Release|Any CPU
		{0842EDFB-07E6-4F4A-BF70-219D40CE52EB}.Release|x64.ActiveCfg = Release|Any CPU
		{0842EDFB-07E6-4F4A-BF70-219D40CE52EB}.Release|x64.Build.0 = Release|Any CPU
		{0842EDFB-07E6-4F4A-BF70-219D40CE52EB}.Release|x86.ActiveCfg = Release|Any CPU
		{0842EDFB-07E6-4F4A-BF70-219D40CE52EB}.Release|x86.Build.0 = Release|Any CPU
		{56E241A4-80BC-4AE2-9A2C-24170BC69E2A}.Debug|Any CPU.ActiveCfg = Debug|Any CPU
		{56E241A4-80BC-4AE2-9A2C-24170BC69E2A}.Debug|Any CPU.Build.0 = Debug|Any CPU
		{56E241A4-80BC-4AE2-9A2C-24170BC69E2A}.Debug|x64.ActiveCfg = Debug|Any CPU
		{56E241A4-80BC-4AE2-9A2C-24170BC69E2A}.Debug|x64.Build.0 = Debug|Any CPU
		{56E241A4-80BC-4AE2-9A2C-24170BC69E2A}.Debug|x86.ActiveCfg = Debug|Any CPU
		{56E241A4-80BC-4AE2-9A2C-24170BC69E2A}.Debug|x86.Build.0 = Debug|Any CPU
		{56E241A4-80BC-4AE2-9A2C-24170BC69E2A}.Release|Any CPU.ActiveCfg = Release|Any CPU
		{56E241A4-80BC-4AE2-9A2C-24170BC69E2A}.Release|Any CPU.Build.0 = Release|Any CPU
		{56E241A4-80BC-4AE2-9A2C-24170BC69E2A}.Release|x64.ActiveCfg = Release|Any CPU
		{56E241A4-80BC-4AE2-9A2C-24170BC69E2A}.Release|x64.Build.0 = Release|Any CPU
		{56E241A4-80BC-4AE2-9A2C-24170BC69E2A}.Release|x86.ActiveCfg = Release|Any CPU
		{56E241A4-80BC-4AE2-9A2C-24170BC69E2A}.Release|x86.Build.0 = Release|Any CPU
		{6FCF7501-8809-4295-9DBC-AF5E96E4AA19}.Debug|Any CPU.ActiveCfg = Debug|Any CPU
		{6FCF7501-8809-4295-9DBC-AF5E96E4AA19}.Debug|Any CPU.Build.0 = Debug|Any CPU
		{6FCF7501-8809-4295-9DBC-AF5E96E4AA19}.Debug|x64.ActiveCfg = Debug|Any CPU
		{6FCF7501-8809-4295-9DBC-AF5E96E4AA19}.Debug|x64.Build.0 = Debug|Any CPU
		{6FCF7501-8809-4295-9DBC-AF5E96E4AA19}.Debug|x86.ActiveCfg = Debug|Any CPU
		{6FCF7501-8809-4295-9DBC-AF5E96E4AA19}.Debug|x86.Build.0 = Debug|Any CPU
		{6FCF7501-8809-4295-9DBC-AF5E96E4AA19}.Release|Any CPU.ActiveCfg = Release|Any CPU
		{6FCF7501-8809-4295-9DBC-AF5E96E4AA19}.Release|Any CPU.Build.0 = Release|Any CPU
		{6FCF7501-8809-4295-9DBC-AF5E96E4AA19}.Release|x64.ActiveCfg = Release|Any CPU
		{6FCF7501-8809-4295-9DBC-AF5E96E4AA19}.Release|x64.Build.0 = Release|Any CPU
		{6FCF7501-8809-4295-9DBC-AF5E96E4AA19}.Release|x86.ActiveCfg = Release|Any CPU
		{6FCF7501-8809-4295-9DBC-AF5E96E4AA19}.Release|x86.Build.0 = Release|Any CPU
		{B6613DD4-3208-41C0-9F72-F59FC31F3A39}.Debug|Any CPU.ActiveCfg = Debug|Any CPU
		{B6613DD4-3208-41C0-9F72-F59FC31F3A39}.Debug|Any CPU.Build.0 = Debug|Any CPU
		{B6613DD4-3208-41C0-9F72-F59FC31F3A39}.Debug|x64.ActiveCfg = Debug|Any CPU
		{B6613DD4-3208-41C0-9F72-F59FC31F3A39}.Debug|x64.Build.0 = Debug|Any CPU
		{B6613DD4-3208-41C0-9F72-F59FC31F3A39}.Debug|x86.ActiveCfg = Debug|Any CPU
		{B6613DD4-3208-41C0-9F72-F59FC31F3A39}.Debug|x86.Build.0 = Debug|Any CPU
		{B6613DD4-3208-41C0-9F72-F59FC31F3A39}.Release|Any CPU.ActiveCfg = Release|Any CPU
		{B6613DD4-3208-41C0-9F72-F59FC31F3A39}.Release|Any CPU.Build.0 = Release|Any CPU
		{B6613DD4-3208-41C0-9F72-F59FC31F3A39}.Release|x64.ActiveCfg = Release|Any CPU
		{B6613DD4-3208-41C0-9F72-F59FC31F3A39}.Release|x64.Build.0 = Release|Any CPU
		{B6613DD4-3208-41C0-9F72-F59FC31F3A39}.Release|x86.ActiveCfg = Release|Any CPU
		{B6613DD4-3208-41C0-9F72-F59FC31F3A39}.Release|x86.Build.0 = Release|Any CPU
		{C575A327-234F-4BC6-A391-2211AFD8E6E3}.Debug|Any CPU.ActiveCfg = Debug|Any CPU
		{C575A327-234F-4BC6-A391-2211AFD8E6E3}.Debug|Any CPU.Build.0 = Debug|Any CPU
		{C575A327-234F-4BC6-A391-2211AFD8E6E3}.Debug|x64.ActiveCfg = Debug|Any CPU
		{C575A327-234F-4BC6-A391-2211AFD8E6E3}.Debug|x64.Build.0 = Debug|Any CPU
		{C575A327-234F-4BC6-A391-2211AFD8E6E3}.Debug|x86.ActiveCfg = Debug|Any CPU
		{C575A327-234F-4BC6-A391-2211AFD8E6E3}.Debug|x86.Build.0 = Debug|Any CPU
		{C575A327-234F-4BC6-A391-2211AFD8E6E3}.Release|Any CPU.ActiveCfg = Release|Any CPU
		{C575A327-234F-4BC6-A391-2211AFD8E6E3}.Release|Any CPU.Build.0 = Release|Any CPU
		{C575A327-234F-4BC6-A391-2211AFD8E6E3}.Release|x64.ActiveCfg = Release|Any CPU
		{C575A327-234F-4BC6-A391-2211AFD8E6E3}.Release|x64.Build.0 = Release|Any CPU
		{C575A327-234F-4BC6-A391-2211AFD8E6E3}.Release|x86.ActiveCfg = Release|Any CPU
		{C575A327-234F-4BC6-A391-2211AFD8E6E3}.Release|x86.Build.0 = Release|Any CPU
	EndGlobalSection
	GlobalSection(SolutionProperties) = preSolution
		HideSolutionNode = FALSE
	EndGlobalSection
	GlobalSection(ExtensibilityGlobals) = postSolution
		SolutionGuid = {50BB6C1E-4283-4C13-942A-DE10B79F7803}
	EndGlobalSection
EndGlobal
